PODS:
  - Flutter (1.0.0)
  - flutter_hockeyapp (0.0.1):
    - Flutter
    - HockeySDK-Source (= 5.1.2)
  - HockeySDK-Source (5.1.2)

DEPENDENCIES:
  - Flutter (from `Pods/.symlinks/flutter/ios-release`)
  - flutter_hockeyapp (from `Pods/.symlinks/plugins/flutter_hockeyapp/ios`)

EXTERNAL SOURCES:
  Flutter:
    :path: Pods/.symlinks/flutter/ios-release
  flutter_hockeyapp:
    :path: Pods/.symlinks/plugins/flutter_hockeyapp/ios

SPEC CHECKSUMS:
  Flutter: 58dd7d1b27887414a370fcccb9e645c08ffd7a6a
  flutter_hockeyapp: 8026403d4bfa79bf57fd095b0d4f1b1c9d51d22a
  HockeySDK-Source: 0e72e55e35cec26eaba207ec212fd1870961798a

PODFILE CHECKSUM: 70e69985f01fdaffe3180d3ae5e73472304a9371

COCOAPODS: 1.3.1
